
Microsoft Visual Studio Solution File, Format Version 12.00
# Visual Studio Version 16
VisualStudioVersion = 16.0.30621.155
MinimumVisualStudioVersion = 10.0.40219.1
Project("{FAE04EC0-301F-11D3-BF4B-00C04F79EFBC}") = "ku-pedia", "ku-pedia\ku-pedia.csproj", "{5C1FABF0-E335-4098-AB4A-581E89F065EB}"
EndProject
Global
	GlobalSection(SolutionConfigurationPlatforms) = preSolution
		Debug|Any CPU = Debug|Any CPU
		Release|Any CPU = Release|Any CPU
	EndGlobalSection
	GlobalSection(ProjectConfigurationPlatforms) = postSolution
		{5C1FABF0-E335-4098-AB4A-581E89F065EB}.Debug|Any CPU.ActiveCfg = Debug|Any CPU
		{5C1FABF0-E335-4098-AB4A-581E89F065EB}.Debug|Any CPU.Build.0 = Debug|Any CPU
		{5C1FABF0-E335-4098-AB4A-581E89F065EB}.Release|Any CPU.ActiveCfg = Release|Any CPU
		{5C1FABF0-E335-4098-AB4A-581E89F065EB}.Release|Any CPU.Build.0 = Release|Any CPU
	EndGlobalSection
	GlobalSection(SolutionProperties) = preSolution
		HideSolutionNode = FALSE
	EndGlobalSection
	GlobalSection(ExtensibilityGlobals) = postSolution
		SolutionGuid = {51E01EE6-D003-433B-ADB9-59E3A2BAD82E}
	EndGlobalSection
EndGlobal
